// !$*UTF8*$!
{
	archiveVersion = 1;
	classes = {
	};
	objectVersion = 46;
	objects = {

/* Begin PBXBuildFile section */
		B85D531B1DF0217A000B3863 /* AppDelegate.swift in Sources */ = {isa = PBXBuildFile; fileRef = B85D531A1DF0217A000B3863 /* AppDelegate.swift */; };
		B85D531D1DF0217A000B3863 /* ViewController.swift in Sources */ = {isa = PBXBuildFile; fileRef = B85D531C1DF0217A000B3863 /* ViewController.swift */; };
		B85D53201DF0217A000B3863 /* Main.storyboard in Resources */ = {isa = PBXBuildFile; fileRef = B85D531E1DF0217A000B3863 /* Main.storyboard */; };
		B85D53221DF0217A000B3863 /* Assets.xcassets in Resources */ = {isa = PBXBuildFile; fileRef = B85D53211DF0217A000B3863 /* Assets.xcassets */; };
		B85D53251DF0217A000B3863 /* LaunchScreen.storyboard in Resources */ = {isa = PBXBuildFile; fileRef = B85D53231DF0217A000B3863 /* LaunchScreen.storyboard */; };
/* End PBXBuildFile section */

/* Begin PBXFileReference section */
		B85D53171DF0217A000B3863 /* TweetMood.app */ = {isa = PBXFileReference; explicitFileType = wrapper.application; includeInIndex = 0; path = TweetMood.app; sourceTree = BUILT_PRODUCTS_DIR; };
		B85D531A1DF0217A000B3863 /* AppDelegate.swift */ = {isa = PBXFileReference; lastKnownFileType = sourcecode.swift; path = AppDelegate.swift; sourceTree = "<group>"; };
		B85D531C1DF0217A000B3863 /* ViewController.swift */ = {isa = PBXFileReference; lastKnownFileType = sourcecode.swift; path = ViewController.swift; sourceTree = "<group>"; };
		B85D531F1DF0217A000B3863 /* Base */ = {isa = PBXFileReference; lastKnownFileType = file.storyboard; name = Base; path = Base.lproj/Main.storyboard; sourceTree = "<group>"; };
		B85D53211DF0217A000B3863 /* Assets.xcassets */ = {isa = PBXFileReference; lastKnownFileType = folder.assetcatalog; path = Assets.xcassets; sourceTree = "<group>"; };
		B85D53241DF0217A000B3863 /* Base */ = {isa = PBXFileReference; lastKnownFileType = file.storyboard; name = Base; path = Base.lproj/LaunchScreen.storyboard; sourceTree = "<group>"; };
		B85D53261DF0217A000B3863 /* Info.plist */ = {isa = PBXFileReference; lastKnownFileType = text.plist.xml; path = Info.plist; sourceTree = "<group>"; };
/* End PBXFileReference section */

/* Begin PBXFrameworksBuildPhase section */
		B85D53141DF0217A000B3863 /* Frameworks */ = {
			isa = PBXFrameworksBuildPhase;
			buildActionMask = 2147483647;
			files = (
			);
			runOnlyForDeploymentPostprocessing = 0;
		};
/* End PBXFrameworksBuildPhase section */

/* Begin PBXGroup section */
		B85D530E1DF0217A000B3863 = {
			isa = PBXGroup;
			children = (
				B85D53191DF0217A000B3863 /* TweetMood */,
				B85D53181DF0217A000B3863 /* Products */,
			);
			sourceTree = "<group>";
		};
		B85D53181DF0217A000B3863 /* Products */ = {
			isa = PBXGroup;
			children = (
				B85D53171DF0217A000B3863 /* TweetMood.app */,
			);
			name = Products;
			sourceTree = "<group>";
		};
		B85D53191DF0217A000B3863 /* TweetMood */ = {
			isa = PBXGroup;
			children = (
				B85D531A1DF0217A000B3863 /* AppDelegate.swift */,
				B85D531C1DF0217A000B3863 /* ViewController.swift */,
				B85D531E1DF0217A000B3863 /* Main.storyboard */,
				B85D53211DF0217A000B3863 /* Assets.xcassets */,
				B85D53231DF0217A000B3863 /* LaunchScreen.storyboard */,
				B85D53261DF0217A000B3863 /* Info.plist */,
			);
			path = TweetMood;
			sourceTree = "<group>";
		};
/* End PBXGroup section */

/* Begin PBXNativeTarget section */
		B85D53161DF0217A000B3863 /* TweetMood */ = {
			isa = PBXNativeTarget;
			buildConfigurationList = B85D53291DF0217A000B3863 /* Build configuration list for PBXNativeTarget "TweetMood" */;
			buildPhases = (
				B85D53131DF0217A000B3863 /* Sources */,
				B85D53141DF0217A000B3863 /* Frameworks */,
				B85D53151DF0217A000B3863 /* Resources */,
			);
			buildRules = (
			);
			dependencies = (
			);
			name = TweetMood;
			productName = TweetMood;
			productReference = B85D53171DF0217A000B3863 /* TweetMood.app */;
			productType = "com.apple.product-type.application";
		};
/* End PBXNativeTarget section */

/* Begin PBXProject section */
		B85D530F1DF0217A000B3863 /* Project object */ = {
			isa = PBXProject;
			attributes = {
				LastSwiftUpdateCheck = 0800;
				LastUpgradeCheck = 0800;
				ORGANIZATIONNAME = benjisora;
				TargetAttributes = {
					B85D53161DF0217A000B3863 = {
						CreatedOnToolsVersion = 8.0;
						ProvisioningStyle = Automatic;
					};
				};
			};
			buildConfigurationList = B85D53121DF0217A000B3863 /* Build configuration list for PBXProject "TweetMood" */;
			compatibilityVersion = "Xcode 3.2";
			developmentRegion = English;
			hasScannedForEncodings = 0;
			knownRegions = (
				en,
				Base,
			);
			mainGroup = B85D530E1DF0217A000B3863;
			productRefGroup = B85D53181DF0217A000B3863 /* Products */;
			projectDirPath = "";
			projectRoot = "";
			targets = (
				B85D53161DF0217A000B3863 /* TweetMood */,
			);
		};
/* End PBXProject section */

/* Begin PBXResourcesBuildPhase section */
		B85D53151DF0217A000B3863 /* Resources */ = {
			isa = PBXResourcesBuildPhase;
			buildActionMask = 2147483647;
			files = (
				B85D53251DF0217A000B3863 /* LaunchScreen.storyboard in Resources */,
				B85D53221DF0217A000B3863 /* Assets.xcassets in Resources */,
				B85D53201DF0217A000B3863 /* Main.storyboard in Resources */,
			);
			runOnlyForDeploymentPostprocessing = 0;
		};
/* End PBXResourcesBuildPhase section */

/* Begin PBXSourcesBuildPhase section */
		B85D53131DF0217A000B3863 /* Sources */ = {
			isa = PBXSourcesBuildPhase;
			buildActionMask = 2147483647;
			files = (
				B85D531D1DF0217A000B3863 /* ViewController.swift in Sources */,
				B85D531B1DF0217A000B3863 /* AppDelegate.swift in Sources */,
			);
			runOnlyForDeploymentPostprocessing = 0;
		};
/* End PBXSourcesBuildPhase section */

/* Begin PBXVariantGroup section */
		B85D531E1DF0217A000B3863 /* Main.storyboard */ = {
			isa = PBXVariantGroup;
			children = (
				B85D531F1DF0217A000B3863 /* Base */,
			);
			name = Main.storyboard;
			sourceTree = "<group>";
		};
		B85D53231DF0217A000B3863 /* LaunchScreen.storyboard */ = {
			isa = PBXVariantGroup;
			children = (
				B85D53241DF0217A000B3863 /* Base */,
			);
			name = LaunchScreen.storyboard;
			sourceTree = "<group>";
		};
/* End PBXVariantGroup section */

/* Begin XCBuildConfiguration section */
		B85D53271DF0217A000B3863 /* Debug */ = {
			isa = XCBuildConfiguration;
			buildSettings = {
				ALWAYS_SEARCH_USER_PATHS = NO;
				CLANG_ANALYZER_NONNULL = YES;
				CLANG_CXX_LANGUAGE_STANDARD = "gnu++0x";
				CLANG_CXX_LIBRARY = "libc++";
				CLANG_ENABLE_MODULES = YES;
				CLANG_ENABLE_OBJC_ARC = YES;
				CLANG_WARN_BOOL_CONVERSION = YES;
				CLANG_WARN_CONSTANT_CONVERSION = YES;
				CLANG_WARN_DIRECT_OBJC_ISA_USAGE = YES_ERROR;
				CLANG_WARN_DOCUMENTATION_COMMENTS = YES;
				CLANG_WARN_EMPTY_BODY = YES;
				CLANG_WARN_ENUM_CONVERSION = YES;
				CLANG_WARN_INFINITE_RECURSION = YES;
				CLANG_WARN_INT_CONVERSION = YES;
				CLANG_WARN_OBJC_ROOT_CLASS = YES_ERROR;
				CLANG_WARN_SUSPICIOUS_MOVES = YES;
				CLANG_WARN_UNREACHABLE_CODE = YES;
				CLANG_WARN__DUPLICATE_METHOD_MATCH = YES;
				"CODE_SIGN_IDENTITY[sdk=iphoneos*]" = "iPhone Developer";
				COPY_PHASE_STRIP = NO;
				DEBUG_INFORMATION_FORMAT = dwarf;
				ENABLE_STRICT_OBJC_MSGSEND = YES;
				ENABLE_TESTABILITY = YES;
				GCC_C_LANGUAGE_STANDARD = gnu99;
				GCC_DYNAMIC_NO_PIC = NO;
				GCC_NO_COMMON_BLOCKS = YES;
				GCC_OPTIMIZATION_LEVEL = 0;
				GCC_PREPROCESSOR_DEFINITIONS = (
					"DEBUG=1",
					"$(inherited)",
				);
				GCC_WARN_64_TO_32_BIT_CONVERSION = YES;
				GCC_WARN_ABOUT_RETURN_TYPE = YES_ERROR;
				GCC_WARN_UNDECLARED_SELECTOR = YES;
				GCC_WARN_UNINITIALIZED_AUTOS = YES_AGGRESSIVE;
				GCC_WARN_UNUSED_FUNCTION = YES;
				GCC_WARN_UNUSED_VARIABLE = YES;
				IPHONEOS_DEPLOYMENT_TARGET = 10.0;
				MTL_ENABLE_DEBUG_INFO = YES;
				ONLY_ACTIVE_ARCH = YES;
				SDKROOT = iphoneos;
				SWIFT_ACTIVE_COMPILATION_CONDITIONS = DEBUG;
				SWIFT_OPTIMIZATION_LEVEL = "-Onone";
			};
			name = Debug;
		};
		B85D53281DF0217A000B3863 /* Release */ = {
			isa = XCBuildConfiguration;
			buildSettings = {
				ALWAYS_SEARCH_USER_PATHS = NO;
				CLANG_ANALYZER_NONNULL = YES;
				CLANG_CXX_LANGUAGE_STANDARD = "gnu++0x";
				CLANG_CXX_LIBRARY = "libc++";
				CLANG_ENABLE_MODULES = YES;
				CLANG_ENABLE_OBJC_ARC = YES;
				CLANG_WARN_BOOL_CONVERSION = YES;
				CLANG_WARN_CONSTANT_CONVERSION = YES;
				CLANG_WARN_DIRECT_OBJC_ISA_USAGE = YES_ERROR;
				CLANG_WARN_DOCUMENTATION_COMMENTS = YES;
				CLANG_WARN_EMPTY_BODY = YES;
				CLANG_WARN_ENUM_CONVERSION = YES;
				CLANG_WARN_INFINITE_RECURSION = YES;
				CLANG_WARN_INT_CONVERSION = YES;
				CLANG_WARN_OBJC_ROOT_CLASS = YES_ERROR;
				CLANG_WARN_SUSPICIOUS_MOVES = YES;
				CLANG_WARN_UNREACHABLE_CODE = YES;
				CLANG_WARN__DUPLICATE_METHOD_MATCH = YES;
				"CODE_SIGN_IDENTITY[sdk=iphoneos*]" = "iPhone Developer";
				COPY_PHASE_STRIP = NO;
				DEBUG_INFORMATION_FORMAT = "dwarf-with-dsym";
				ENABLE_NS_ASSERTIONS = NO;
				ENABLE_STRICT_OBJC_MSGSEND = YES;
				GCC_C_LANGUAGE_STANDARD = gnu99;
				GCC_NO_COMMON_BLOCKS = YES;
				GCC_WARN_64_TO_32_BIT_CONVERSION = YES;
				GCC_WARN_ABOUT_RETURN_TYPE = YES_ERROR;
				GCC_WARN_UNDECLARED_SELECTOR = YES;
				GCC_WARN_UNINITIALIZED_AUTOS = YES_AGGRESSIVE;
				GCC_WARN_UNUSED_FUNCTION = YES;
				GCC_WARN_UNUSED_VARIABLE = YES;
				IPHONEOS_DEPLOYMENT_TARGET = 10.0;
				MTL_ENABLE_DEBUG_INFO = NO;
				SDKROOT = iphoneos;
				SWIFT_OPTIMIZATION_LEVEL = "-Owholemodule";
				VALIDATE_PRODUCT = YES;
			};
			name = Release;
		};
		B85D532A1DF0217A000B3863 /* Debug */ = {
			isa = XCBuildConfiguration;
			buildSettings = {
				ASSETCATALOG_COMPILER_APPICON_NAME = AppIcon;
				INFOPLIST_FILE = TweetMood/Info.plist;
				LD_RUNPATH_SEARCH_PATHS = "$(inherited) @executable_path/Frameworks";
				PRODUCT_BUNDLE_IDENTIFIER = projects.TweetMood;
				PRODUCT_NAME = "$(TARGET_NAME)";
				SWIFT_VERSION = 3.0;
			};
			name = Debug;
		};
		B85D532B1DF0217A000B3863 /* Release */ = {
			isa = XCBuildConfiguration;
			buildSettings = {
				ASSETCATALOG_COMPILER_APPICON_NAME = AppIcon;
				INFOPLIST_FILE = TweetMood/Info.plist;
				LD_RUNPATH_SEARCH_PATHS = "$(inherited) @executable_path/Frameworks";
				PRODUCT_BUNDLE_IDENTIFIER = projects.TweetMood;
				PRODUCT_NAME = "$(TARGET_NAME)";
				SWIFT_VERSION = 3.0;
			};
			name = Release;
		};
/* End XCBuildConfiguration section */

/* Begin XCConfigurationList section */
		B85D53121DF0217A000B3863 /* Build configuration list for PBXProject "TweetMood" */ = {
			isa = XCConfigurationList;
			buildConfigurations = (
				B85D53271DF0217A000B3863 /* Debug */,
				B85D53281DF0217A000B3863 /* Release */,
			);
			defaultConfigurationIsVisible = 0;
			defaultConfigurationName = Release;
		};
		B85D53291DF0217A000B3863 /* Build configuration list for PBXNativeTarget "TweetMood" */ = {
			isa = XCConfigurationList;
			buildConfigurations = (
				B85D532A1DF0217A000B3863 /* Debug */,
				B85D532B1DF0217A000B3863 /* Release */,
			);
			defaultConfigurationIsVisible = 0;
		};
/* End XCConfigurationList section */
	};
	rootObject = B85D530F1DF0217A000B3863 /* Project object */;
}
